// !$*UTF8*$!
{
	archiveVersion = 1;
	classes = {
	};
	objectVersion = 77;
	objects = {

/* Begin PBXBuildFile section */
		E17880D62CF2129B003766A8 /* KeychainSwift in Frameworks */ = {isa = PBXBuildFile; productRef = E17880D52CF2129B003766A8 /* KeychainSwift */; };
		E17880E32CF22125003766A8 /* Apollo in Frameworks */ = {isa = PBXBuildFile; productRef = E17880E22CF22125003766A8 /* Apollo */; };
		E17880E52CF22125003766A8 /* ApolloTestSupport in Frameworks */ = {isa = PBXBuildFile; productRef = E17880E42CF22125003766A8 /* ApolloTestSupport */; };
		E17880E72CF221AA003766A8 /* apollo-codegen-config.json in Resources */ = {isa = PBXBuildFile; fileRef = E17880E62CF221AA003766A8 /* apollo-codegen-config.json */; };
		E17880F02CF226EE003766A8 /* login.graphql in Resources */ = {isa = PBXBuildFile; fileRef = E17880ED2CF226EE003766A8 /* login.graphql */; };
		E17880F42CF227A5003766A8 /* RocketReserverAPI in Frameworks */ = {isa = PBXBuildFile; productRef = E17880F32CF227A5003766A8 /* RocketReserverAPI */; };
		E17880F92CF2284B003766A8 /* RocketReserverAPI in Frameworks */ = {isa = PBXBuildFile; productRef = E17880F82CF2284B003766A8 /* RocketReserverAPI */; };
		E17881012CF22E01003766A8 /* ApolloWebSocket in Frameworks */ = {isa = PBXBuildFile; productRef = E17881002CF22E01003766A8 /* ApolloWebSocket */; };
		E178811A2CF25481003766A8 /* getUser.graphql in Resources */ = {isa = PBXBuildFile; fileRef = E17881182CF25481003766A8 /* getUser.graphql */; };
		E178811B2CF25481003766A8 /* register.graphql in Resources */ = {isa = PBXBuildFile; fileRef = E17881192CF25481003766A8 /* register.graphql */; };
		E17881232CF25739003766A8 /* schem.graphqls in Resources */ = {isa = PBXBuildFile; fileRef = E17881222CF25739003766A8 /* schem.graphqls */; };
		E17881252CF25AD9003766A8 /* RocketReserverAPI in Frameworks */ = {isa = PBXBuildFile; productRef = E17881242CF25AD9003766A8 /* RocketReserverAPI */; };
		E17881282CF25B31003766A8 /* RocketReserverAPI in Frameworks */ = {isa = PBXBuildFile; productRef = E17881272CF25B31003766A8 /* RocketReserverAPI */; };
		E178812C2CF264D5003766A8 /* matching.graphql in Resources */ = {isa = PBXBuildFile; fileRef = E178812B2CF264C4003766A8 /* matching.graphql */; };
		E17881312CF26661003766A8 /* RocketReserverAPI in Frameworks */ = {isa = PBXBuildFile; productRef = E17881302CF26661003766A8 /* RocketReserverAPI */; };
		E178813D2CF276B5003766A8 /* postResult.graphql in Resources */ = {isa = PBXBuildFile; fileRef = E178813C2CF276A5003766A8 /* postResult.graphql */; };
		E1C33C122CF2AB67003374A8 /* RocketReserverAPI in Frameworks */ = {isa = PBXBuildFile; productRef = E1C33C112CF2AB67003374A8 /* RocketReserverAPI */; };
		E1C33C152CF2B04A003374A8 /* RocketReserverAPI in Frameworks */ = {isa = PBXBuildFile; productRef = E1C33C142CF2B04A003374A8 /* RocketReserverAPI */; };
		E1C33C172CF2B815003374A8 /* ready.graphql in Resources */ = {isa = PBXBuildFile; fileRef = E1C33C162CF2B800003374A8 /* ready.graphql */; };
/* End PBXBuildFile section */

/* Begin PBXContainerItemProxy section */
		E13521182CEB638400CB2CEE /* PBXContainerItemProxy */ = {
			isa = PBXContainerItemProxy;
			containerPortal = E13520FF2CEB638300CB2CEE /* Project object */;
			proxyType = 1;
			remoteGlobalIDString = E13521062CEB638300CB2CEE;
			remoteInfo = testCore;
		};
		E13521222CEB638400CB2CEE /* PBXContainerItemProxy */ = {
			isa = PBXContainerItemProxy;
			containerPortal = E13520FF2CEB638300CB2CEE /* Project object */;
			proxyType = 1;
			remoteGlobalIDString = E13521062CEB638300CB2CEE;
			remoteInfo = testCore;
		};
/* End PBXContainerItemProxy section */

/* Begin PBXFileReference section */
		E13521072CEB638300CB2CEE /* testCore.app */ = {isa = PBXFileReference; explicitFileType = wrapper.application; includeInIndex = 0; path = testCore.app; sourceTree = BUILT_PRODUCTS_DIR; };
		E13521172CEB638400CB2CEE /* testCoreTests.xctest */ = {isa = PBXFileReference; explicitFileType = wrapper.cfbundle; includeInIndex = 0; path = testCoreTests.xctest; sourceTree = BUILT_PRODUCTS_DIR; };
		E13521212CEB638400CB2CEE /* testCoreUITests.xctest */ = {isa = PBXFileReference; explicitFileType = wrapper.cfbundle; includeInIndex = 0; path = testCoreUITests.xctest; sourceTree = BUILT_PRODUCTS_DIR; };
		E17880E62CF221AA003766A8 /* apollo-codegen-config.json */ = {isa = PBXFileReference; lastKnownFileType = text.json; path = "apollo-codegen-config.json"; sourceTree = "<group>"; };
		E17880ED2CF226EE003766A8 /* login.graphql */ = {isa = PBXFileReference; lastKnownFileType = text; path = login.graphql; sourceTree = "<group>"; };
		E17881182CF25481003766A8 /* getUser.graphql */ = {isa = PBXFileReference; lastKnownFileType = text; path = getUser.graphql; sourceTree = "<group>"; };
		E17881192CF25481003766A8 /* register.graphql */ = {isa = PBXFileReference; lastKnownFileType = text; path = register.graphql; sourceTree = "<group>"; };
		E17881222CF25739003766A8 /* schem.graphqls */ = {isa = PBXFileReference; lastKnownFileType = text; path = schem.graphqls; sourceTree = "<group>"; };
		E178812B2CF264C4003766A8 /* matching.graphql */ = {isa = PBXFileReference; lastKnownFileType = text; path = matching.graphql; sourceTree = "<group>"; };
		E178813C2CF276A5003766A8 /* postResult.graphql */ = {isa = PBXFileReference; lastKnownFileType = text; path = postResult.graphql; sourceTree = "<group>"; };
		E1C33C162CF2B800003374A8 /* ready.graphql */ = {isa = PBXFileReference; lastKnownFileType = text; path = ready.graphql; sourceTree = "<group>"; };
/* End PBXFileReference section */

/* Begin PBXFileSystemSynchronizedRootGroup section */
		E13521092CEB638300CB2CEE /* testCore */ = {
			isa = PBXFileSystemSynchronizedRootGroup;
			path = testCore;
			sourceTree = "<group>";
		};
		E135211A2CEB638400CB2CEE /* testCoreTests */ = {
			isa = PBXFileSystemSynchronizedRootGroup;
			path = testCoreTests;
			sourceTree = "<group>";
		};
		E13521242CEB638400CB2CEE /* testCoreUITests */ = {
			isa = PBXFileSystemSynchronizedRootGroup;
			path = testCoreUITests;
			sourceTree = "<group>";
		};
/* End PBXFileSystemSynchronizedRootGroup section */

/* Begin PBXFrameworksBuildPhase section */
		E13521042CEB638300CB2CEE /* Frameworks */ = {
			isa = PBXFrameworksBuildPhase;
			buildActionMask = 2147483647;
			files = (
				E17880F92CF2284B003766A8 /* RocketReserverAPI in Frameworks */,
				E17881282CF25B31003766A8 /* RocketReserverAPI in Frameworks */,
				E1C33C152CF2B04A003374A8 /* RocketReserverAPI in Frameworks */,
				E17881012CF22E01003766A8 /* ApolloWebSocket in Frameworks */,
				E17881312CF26661003766A8 /* RocketReserverAPI in Frameworks */,
				E17880E52CF22125003766A8 /* ApolloTestSupport in Frameworks */,
				E1C33C122CF2AB67003374A8 /* RocketReserverAPI in Frameworks */,
				E17881252CF25AD9003766A8 /* RocketReserverAPI in Frameworks */,
				E17880F42CF227A5003766A8 /* RocketReserverAPI in Frameworks */,
				E17880D62CF2129B003766A8 /* KeychainSwift in Frameworks */,
				E17880E32CF22125003766A8 /* Apollo in Frameworks */,
			);
			runOnlyForDeploymentPostprocessing = 0;
		};
		E13521142CEB638400CB2CEE /* Frameworks */ = {
			isa = PBXFrameworksBuildPhase;
			buildActionMask = 2147483647;
			files = (
			);
			runOnlyForDeploymentPostprocessing = 0;
		};
		E135211E2CEB638400CB2CEE /* Frameworks */ = {
			isa = PBXFrameworksBuildPhase;
			buildActionMask = 2147483647;
			files = (
			);
			runOnlyForDeploymentPostprocessing = 0;
		};
/* End PBXFrameworksBuildPhase section */

/* Begin PBXGroup section */
		E13520FE2CEB638300CB2CEE = {
			isa = PBXGroup;
			children = (
				E13521092CEB638300CB2CEE /* testCore */,
				E135211A2CEB638400CB2CEE /* testCoreTests */,
				E13521242CEB638400CB2CEE /* testCoreUITests */,
				E13521082CEB638300CB2CEE /* Products */,
				E17880E62CF221AA003766A8 /* apollo-codegen-config.json */,
				E17880EF2CF226EE003766A8 /* graphql */,
			);
			sourceTree = "<group>";
		};
		E13521082CEB638300CB2CEE /* Products */ = {
			isa = PBXGroup;
			children = (
				E13521072CEB638300CB2CEE /* testCore.app */,
				E13521172CEB638400CB2CEE /* testCoreTests.xctest */,
				E13521212CEB638400CB2CEE /* testCoreUITests.xctest */,
			);
			name = Products;
			sourceTree = "<group>";
		};
		E17880EF2CF226EE003766A8 /* graphql */ = {
			isa = PBXGroup;
			children = (
				E1C33C162CF2B800003374A8 /* ready.graphql */,
				E178813C2CF276A5003766A8 /* postResult.graphql */,
				E178812B2CF264C4003766A8 /* matching.graphql */,
				E17880ED2CF226EE003766A8 /* login.graphql */,
				E17881182CF25481003766A8 /* getUser.graphql */,
				E17881192CF25481003766A8 /* register.graphql */,
				E17881222CF25739003766A8 /* schem.graphqls */,
			);
			path = graphql;
			sourceTree = "<group>";
		};
/* End PBXGroup section */

/* Begin PBXNativeTarget section */
		E13521062CEB638300CB2CEE /* testCore */ = {
			isa = PBXNativeTarget;
			buildConfigurationList = E135212B2CEB638400CB2CEE /* Build configuration list for PBXNativeTarget "testCore" */;
			buildPhases = (
				E13521032CEB638300CB2CEE /* Sources */,
				E13521042CEB638300CB2CEE /* Frameworks */,
				E13521052CEB638300CB2CEE /* Resources */,
			);
			buildRules = (
			);
			dependencies = (
			);
			fileSystemSynchronizedGroups = (
				E13521092CEB638300CB2CEE /* testCore */,
			);
			name = testCore;
			packageProductDependencies = (
				E17880D52CF2129B003766A8 /* KeychainSwift */,
				E17880E22CF22125003766A8 /* Apollo */,
				E17880E42CF22125003766A8 /* ApolloTestSupport */,
				E17880F32CF227A5003766A8 /* RocketReserverAPI */,
				E17880F82CF2284B003766A8 /* RocketReserverAPI */,
				E17881002CF22E01003766A8 /* ApolloWebSocket */,
				E17881242CF25AD9003766A8 /* RocketReserverAPI */,
				E17881272CF25B31003766A8 /* RocketReserverAPI */,
				E17881302CF26661003766A8 /* RocketReserverAPI */,
				E1C33C112CF2AB67003374A8 /* RocketReserverAPI */,
				E1C33C142CF2B04A003374A8 /* RocketReserverAPI */,
			);
			productName = testCore;
			productReference = E13521072CEB638300CB2CEE /* testCore.app */;
			productType = "com.apple.product-type.application";
		};
		E13521162CEB638400CB2CEE /* testCoreTests */ = {
			isa = PBXNativeTarget;
			buildConfigurationList = E135212E2CEB638400CB2CEE /* Build configuration list for PBXNativeTarget "testCoreTests" */;
			buildPhases = (
				E13521132CEB638400CB2CEE /* Sources */,
				E13521142CEB638400CB2CEE /* Frameworks */,
				E13521152CEB638400CB2CEE /* Resources */,
			);
			buildRules = (
			);
			dependencies = (
				E13521192CEB638400CB2CEE /* PBXTargetDependency */,
			);
			fileSystemSynchronizedGroups = (
				E135211A2CEB638400CB2CEE /* testCoreTests */,
			);
			name = testCoreTests;
			packageProductDependencies = (
			);
			productName = testCoreTests;
			productReference = E13521172CEB638400CB2CEE /* testCoreTests.xctest */;
			productType = "com.apple.product-type.bundle.unit-test";
		};
		E13521202CEB638400CB2CEE /* testCoreUITests */ = {
			isa = PBXNativeTarget;
			buildConfigurationList = E13521312CEB638400CB2CEE /* Build configuration list for PBXNativeTarget "testCoreUITests" */;
			buildPhases = (
				E135211D2CEB638400CB2CEE /* Sources */,
				E135211E2CEB638400CB2CEE /* Frameworks */,
				E135211F2CEB638400CB2CEE /* Resources */,
			);
			buildRules = (
			);
			dependencies = (
				E13521232CEB638400CB2CEE /* PBXTargetDependency */,
			);
			fileSystemSynchronizedGroups = (
				E13521242CEB638400CB2CEE /* testCoreUITests */,
			);
			name = testCoreUITests;
			packageProductDependencies = (
			);
			productName = testCoreUITests;
			productReference = E13521212CEB638400CB2CEE /* testCoreUITests.xctest */;
			productType = "com.apple.product-type.bundle.ui-testing";
		};
/* End PBXNativeTarget section */

/* Begin PBXProject section */
		E13520FF2CEB638300CB2CEE /* Project object */ = {
			isa = PBXProject;
			attributes = {
				BuildIndependentTargetsInParallel = 1;
				LastSwiftUpdateCheck = 1610;
				LastUpgradeCheck = 1610;
				TargetAttributes = {
					E13521062CEB638300CB2CEE = {
						CreatedOnToolsVersion = 16.1;
					};
					E13521162CEB638400CB2CEE = {
						CreatedOnToolsVersion = 16.1;
						TestTargetID = E13521062CEB638300CB2CEE;
					};
					E13521202CEB638400CB2CEE = {
						CreatedOnToolsVersion = 16.1;
						TestTargetID = E13521062CEB638300CB2CEE;
					};
				};
			};
			buildConfigurationList = E13521022CEB638300CB2CEE /* Build configuration list for PBXProject "testCore" */;
			developmentRegion = ja;
			hasScannedForEncodings = 0;
			knownRegions = (
				en,
				Base,
				ja,
			);
			mainGroup = E13520FE2CEB638300CB2CEE;
			minimizedProjectReferenceProxies = 1;
			packageReferences = (
				E17880D42CF2129B003766A8 /* XCRemoteSwiftPackageReference "keychain-swift" */,
				E17880E12CF22125003766A8 /* XCRemoteSwiftPackageReference "apollo-ios" */,
				E1C33C132CF2B04A003374A8 /* XCLocalSwiftPackageReference "RocketReserverAPI" */,
			);
			preferredProjectObjectVersion = 77;
			productRefGroup = E13521082CEB638300CB2CEE /* Products */;
			projectDirPath = "";
			projectRoot = "";
			targets = (
				E13521062CEB638300CB2CEE /* testCore */,
				E13521162CEB638400CB2CEE /* testCoreTests */,
				E13521202CEB638400CB2CEE /* testCoreUITests */,
			);
		};
/* End PBXProject section */

/* Begin PBXResourcesBuildPhase section */
		E13521052CEB638300CB2CEE /* Resources */ = {
			isa = PBXResourcesBuildPhase;
			buildActionMask = 2147483647;
			files = (
				E178812C2CF264D5003766A8 /* matching.graphql in Resources */,
				E17880F02CF226EE003766A8 /* login.graphql in Resources */,
				E17881232CF25739003766A8 /* schem.graphqls in Resources */,
				E178811A2CF25481003766A8 /* getUser.graphql in Resources */,
				E178811B2CF25481003766A8 /* register.graphql in Resources */,
				E17880E72CF221AA003766A8 /* apollo-codegen-config.json in Resources */,
				E1C33C172CF2B815003374A8 /* ready.graphql in Resources */,
				E178813D2CF276B5003766A8 /* postResult.graphql in Resources */,
			);
			runOnlyForDeploymentPostprocessing = 0;
		};
		E13521152CEB638400CB2CEE /* Resources */ = {
			isa = PBXResourcesBuildPhase;
			buildActionMask = 2147483647;
			files = (
			);
			runOnlyForDeploymentPostprocessing = 0;
		};
		E135211F2CEB638400CB2CEE /* Resources */ = {
			isa = PBXResourcesBuildPhase;
			buildActionMask = 2147483647;
			files = (
			);
			runOnlyForDeploymentPostprocessing = 0;
		};
/* End PBXResourcesBuildPhase section */

/* Begin PBXSourcesBuildPhase section */
		E13521032CEB638300CB2CEE /* Sources */ = {
			isa = PBXSourcesBuildPhase;
			buildActionMask = 2147483647;
			files = (
			);
			runOnlyForDeploymentPostprocessing = 0;
		};
		E13521132CEB638400CB2CEE /* Sources */ = {
			isa = PBXSourcesBuildPhase;
			buildActionMask = 2147483647;
			files = (
			);
			runOnlyForDeploymentPostprocessing = 0;
		};
		E135211D2CEB638400CB2CEE /* Sources */ = {
			isa = PBXSourcesBuildPhase;
			buildActionMask = 2147483647;
			files = (
			);
			runOnlyForDeploymentPostprocessing = 0;
		};
/* End PBXSourcesBuildPhase section */

/* Begin PBXTargetDependency section */
		E13521192CEB638400CB2CEE /* PBXTargetDependency */ = {
			isa = PBXTargetDependency;
			target = E13521062CEB638300CB2CEE /* testCore */;
			targetProxy = E13521182CEB638400CB2CEE /* PBXContainerItemProxy */;
		};
		E13521232CEB638400CB2CEE /* PBXTargetDependency */ = {
			isa = PBXTargetDependency;
			target = E13521062CEB638300CB2CEE /* testCore */;
			targetProxy = E13521222CEB638400CB2CEE /* PBXContainerItemProxy */;
		};
/* End PBXTargetDependency section */

/* Begin XCBuildConfiguration section */
		E13521292CEB638400CB2CEE /* Debug */ = {
			isa = XCBuildConfiguration;
			buildSettings = {
				ALWAYS_SEARCH_USER_PATHS = NO;
				ASSETCATALOG_COMPILER_GENERATE_SWIFT_ASSET_SYMBOL_EXTENSIONS = YES;
				CLANG_ANALYZER_NONNULL = YES;
				CLANG_ANALYZER_NUMBER_OBJECT_CONVERSION = YES_AGGRESSIVE;
				CLANG_CXX_LANGUAGE_STANDARD = "gnu++20";
				CLANG_ENABLE_MODULES = YES;
				CLANG_ENABLE_OBJC_ARC = YES;
				CLANG_ENABLE_OBJC_WEAK = YES;
				CLANG_WARN_BLOCK_CAPTURE_AUTORELEASING = YES;
				CLANG_WARN_BOOL_CONVERSION = YES;
				CLANG_WARN_COMMA = YES;
				CLANG_WARN_CONSTANT_CONVERSION = YES;
				CLANG_WARN_DEPRECATED_OBJC_IMPLEMENTATIONS = YES;
				CLANG_WARN_DIRECT_OBJC_ISA_USAGE = YES_ERROR;
				CLANG_WARN_DOCUMENTATION_COMMENTS = YES;
				CLANG_WARN_EMPTY_BODY = YES;
				CLANG_WARN_ENUM_CONVERSION = YES;
				CLANG_WARN_INFINITE_RECURSION = YES;
				CLANG_WARN_INT_CONVERSION = YES;
				CLANG_WARN_NON_LITERAL_NULL_CONVERSION = YES;
				CLANG_WARN_OBJC_IMPLICIT_RETAIN_SELF = YES;
				CLANG_WARN_OBJC_LITERAL_CONVERSION = YES;
				CLANG_WARN_OBJC_ROOT_CLASS = YES_ERROR;
				CLANG_WARN_QUOTED_INCLUDE_IN_FRAMEWORK_HEADER = YES;
				CLANG_WARN_RANGE_LOOP_ANALYSIS = YES;
				CLANG_WARN_STRICT_PROTOTYPES = YES;
				CLANG_WARN_SUSPICIOUS_MOVE = YES;
				CLANG_WARN_UNGUARDED_AVAILABILITY = YES_AGGRESSIVE;
				CLANG_WARN_UNREACHABLE_CODE = YES;
				CLANG_WARN__DUPLICATE_METHOD_MATCH = YES;
				COPY_PHASE_STRIP = NO;
				DEBUG_INFORMATION_FORMAT = dwarf;
				ENABLE_STRICT_OBJC_MSGSEND = YES;
				ENABLE_TESTABILITY = YES;
				ENABLE_USER_SCRIPT_SANDBOXING = YES;
				GCC_C_LANGUAGE_STANDARD = gnu17;
				GCC_DYNAMIC_NO_PIC = NO;
				GCC_NO_COMMON_BLOCKS = YES;
				GCC_OPTIMIZATION_LEVEL = 0;
				GCC_PREPROCESSOR_DEFINITIONS = (
					"DEBUG=1",
					"$(inherited)",
				);
				GCC_WARN_64_TO_32_BIT_CONVERSION = YES;
				GCC_WARN_ABOUT_RETURN_TYPE = YES_ERROR;
				GCC_WARN_UNDECLARED_SELECTOR = YES;
				GCC_WARN_UNINITIALIZED_AUTOS = YES_AGGRESSIVE;
				GCC_WARN_UNUSED_FUNCTION = YES;
				GCC_WARN_UNUSED_VARIABLE = YES;
				IPHONEOS_DEPLOYMENT_TARGET = 18.1;
				LOCALIZATION_PREFERS_STRING_CATALOGS = YES;
				MTL_ENABLE_DEBUG_INFO = INCLUDE_SOURCE;
				MTL_FAST_MATH = YES;
				ONLY_ACTIVE_ARCH = YES;
				SDKROOT = iphoneos;
				SWIFT_ACTIVE_COMPILATION_CONDITIONS = "DEBUG $(inherited)";
				SWIFT_OPTIMIZATION_LEVEL = "-Onone";
			};
			name = Debug;
		};
		E135212A2CEB638400CB2CEE /* Release */ = {
			isa = XCBuildConfiguration;
			buildSettings = {
				ALWAYS_SEARCH_USER_PATHS = NO;
				ASSETCATALOG_COMPILER_GENERATE_SWIFT_ASSET_SYMBOL_EXTENSIONS = YES;
				CLANG_ANALYZER_NONNULL = YES;
				CLANG_ANALYZER_NUMBER_OBJECT_CONVERSION = YES_AGGRESSIVE;
				CLANG_CXX_LANGUAGE_STANDARD = "gnu++20";
				CLANG_ENABLE_MODULES = YES;
				CLANG_ENABLE_OBJC_ARC = YES;
				CLANG_ENABLE_OBJC_WEAK = YES;
				CLANG_WARN_BLOCK_CAPTURE_AUTORELEASING = YES;
				CLANG_WARN_BOOL_CONVERSION = YES;
				CLANG_WARN_COMMA = YES;
				CLANG_WARN_CONSTANT_CONVERSION = YES;
				CLANG_WARN_DEPRECATED_OBJC_IMPLEMENTATIONS = YES;
				CLANG_WARN_DIRECT_OBJC_ISA_USAGE = YES_ERROR;
				CLANG_WARN_DOCUMENTATION_COMMENTS = YES;
				CLANG_WARN_EMPTY_BODY = YES;
				CLANG_WARN_ENUM_CONVERSION = YES;
				CLANG_WARN_INFINITE_RECURSION = YES;
				CLANG_WARN_INT_CONVERSION = YES;
				CLANG_WARN_NON_LITERAL_NULL_CONVERSION = YES;
				CLANG_WARN_OBJC_IMPLICIT_RETAIN_SELF = YES;
				CLANG_WARN_OBJC_LITERAL_CONVERSION = YES;
				CLANG_WARN_OBJC_ROOT_CLASS = YES_ERROR;
				CLANG_WARN_QUOTED_INCLUDE_IN_FRAMEWORK_HEADER = YES;
				CLANG_WARN_RANGE_LOOP_ANALYSIS = YES;
				CLANG_WARN_STRICT_PROTOTYPES = YES;
				CLANG_WARN_SUSPICIOUS_MOVE = YES;
				CLANG_WARN_UNGUARDED_AVAILABILITY = YES_AGGRESSIVE;
				CLANG_WARN_UNREACHABLE_CODE = YES;
				CLANG_WARN__DUPLICATE_METHOD_MATCH = YES;
				COPY_PHASE_STRIP = NO;
				DEBUG_INFORMATION_FORMAT = "dwarf-with-dsym";
				ENABLE_NS_ASSERTIONS = NO;
				ENABLE_STRICT_OBJC_MSGSEND = YES;
				ENABLE_USER_SCRIPT_SANDBOXING = YES;
				GCC_C_LANGUAGE_STANDARD = gnu17;
				GCC_NO_COMMON_BLOCKS = YES;
				GCC_WARN_64_TO_32_BIT_CONVERSION = YES;
				GCC_WARN_ABOUT_RETURN_TYPE = YES_ERROR;
				GCC_WARN_UNDECLARED_SELECTOR = YES;
				GCC_WARN_UNINITIALIZED_AUTOS = YES_AGGRESSIVE;
				GCC_WARN_UNUSED_FUNCTION = YES;
				GCC_WARN_UNUSED_VARIABLE = YES;
				IPHONEOS_DEPLOYMENT_TARGET = 18.1;
				LOCALIZATION_PREFERS_STRING_CATALOGS = YES;
				MTL_ENABLE_DEBUG_INFO = NO;
				MTL_FAST_MATH = YES;
				SDKROOT = iphoneos;
				SWIFT_COMPILATION_MODE = wholemodule;
				VALIDATE_PRODUCT = YES;
			};
			name = Release;
		};
		E135212C2CEB638400CB2CEE /* Debug */ = {
			isa = XCBuildConfiguration;
			buildSettings = {
				ASSETCATALOG_COMPILER_APPICON_NAME = AppIcon;
				ASSETCATALOG_COMPILER_GLOBAL_ACCENT_COLOR_NAME = AccentColor;
				CODE_SIGN_STYLE = Automatic;
				CURRENT_PROJECT_VERSION = 1;
				DEVELOPMENT_ASSET_PATHS = "\"testCore/Preview Content\"";
				DEVELOPMENT_TEAM = 4W8W2D3AP6;
				ENABLE_PREVIEWS = YES;
				GENERATE_INFOPLIST_FILE = YES;
				INFOPLIST_KEY_UIApplicationSceneManifest_Generation = YES;
				INFOPLIST_KEY_UIApplicationSupportsIndirectInputEvents = YES;
				INFOPLIST_KEY_UILaunchScreen_Generation = YES;
				INFOPLIST_KEY_UISupportedInterfaceOrientations_iPad = "UIInterfaceOrientationPortrait UIInterfaceOrientationPortraitUpsideDown UIInterfaceOrientationLandscapeLeft UIInterfaceOrientationLandscapeRight";
				INFOPLIST_KEY_UISupportedInterfaceOrientations_iPhone = "UIInterfaceOrientationPortrait UIInterfaceOrientationLandscapeLeft UIInterfaceOrientationLandscapeRight";
				LD_RUNPATH_SEARCH_PATHS = (
					"$(inherited)",
					"@executable_path/Frameworks",
				);
				MARKETING_VERSION = 1.0;
				PRODUCT_BUNDLE_IDENTIFIER = jp.annko.testCore;
				PRODUCT_NAME = "$(TARGET_NAME)";
				SWIFT_EMIT_LOC_STRINGS = YES;
				SWIFT_VERSION = 5.0;
				TARGETED_DEVICE_FAMILY = "1,2";
			};
			name = Debug;
		};
		E135212D2CEB638400CB2CEE /* Release */ = {
			isa = XCBuildConfiguration;
			buildSettings = {
				ASSETCATALOG_COMPILER_APPICON_NAME = AppIcon;
				ASSETCATALOG_COMPILER_GLOBAL_ACCENT_COLOR_NAME = AccentColor;
				CODE_SIGN_STYLE = Automatic;
				CURRENT_PROJECT_VERSION = 1;
				DEVELOPMENT_ASSET_PATHS = "\"testCore/Preview Content\"";
				DEVELOPMENT_TEAM = 4W8W2D3AP6;
				ENABLE_PREVIEWS = YES;
				GENERATE_INFOPLIST_FILE = YES;
				INFOPLIST_KEY_UIApplicationSceneManifest_Generation = YES;
				INFOPLIST_KEY_UIApplicationSupportsIndirectInputEvents = YES;
				INFOPLIST_KEY_UILaunchScreen_Generation = YES;
				INFOPLIST_KEY_UISupportedInterfaceOrientations_iPad = "UIInterfaceOrientationPortrait UIInterfaceOrientationPortraitUpsideDown UIInterfaceOrientationLandscapeLeft UIInterfaceOrientationLandscapeRight";
				INFOPLIST_KEY_UISupportedInterfaceOrientations_iPhone = "UIInterfaceOrientationPortrait UIInterfaceOrientationLandscapeLeft UIInterfaceOrientationLandscapeRight";
				LD_RUNPATH_SEARCH_PATHS = (
					"$(inherited)",
					"@executable_path/Frameworks",
				);
				MARKETING_VERSION = 1.0;
				PRODUCT_BUNDLE_IDENTIFIER = jp.annko.testCore;
				PRODUCT_NAME = "$(TARGET_NAME)";
				SWIFT_EMIT_LOC_STRINGS = YES;
				SWIFT_VERSION = 5.0;
				TARGETED_DEVICE_FAMILY = "1,2";
			};
			name = Release;
		};
		E135212F2CEB638400CB2CEE /* Debug */ = {
			isa = XCBuildConfiguration;
			buildSettings = {
				BUNDLE_LOADER = "$(TEST_HOST)";
				CODE_SIGN_STYLE = Automatic;
				CURRENT_PROJECT_VERSION = 1;
				GENERATE_INFOPLIST_FILE = YES;
				IPHONEOS_DEPLOYMENT_TARGET = 18.1;
				MARKETING_VERSION = 1.0;
				PRODUCT_BUNDLE_IDENTIFIER = jp.annko.testCoreTests;
				PRODUCT_NAME = "$(TARGET_NAME)";
				SWIFT_EMIT_LOC_STRINGS = NO;
				SWIFT_VERSION = 5.0;
				TARGETED_DEVICE_FAMILY = "1,2";
				TEST_HOST = "$(BUILT_PRODUCTS_DIR)/testCore.app/$(BUNDLE_EXECUTABLE_FOLDER_PATH)/testCore";
			};
			name = Debug;
		};
		E13521302CEB638400CB2CEE /* Release */ = {
			isa = XCBuildConfiguration;
			buildSettings = {
				BUNDLE_LOADER = "$(TEST_HOST)";
				CODE_SIGN_STYLE = Automatic;
				CURRENT_PROJECT_VERSION = 1;
				GENERATE_INFOPLIST_FILE = YES;
				IPHONEOS_DEPLOYMENT_TARGET = 18.1;
				MARKETING_VERSION = 1.0;
				PRODUCT_BUNDLE_IDENTIFIER = jp.annko.testCoreTests;
				PRODUCT_NAME = "$(TARGET_NAME)";
				SWIFT_EMIT_LOC_STRINGS = NO;
				SWIFT_VERSION = 5.0;
				TARGETED_DEVICE_FAMILY = "1,2";
				TEST_HOST = "$(BUILT_PRODUCTS_DIR)/testCore.app/$(BUNDLE_EXECUTABLE_FOLDER_PATH)/testCore";
			};
			name = Release;
		};
		E13521322CEB638400CB2CEE /* Debug */ = {
			isa = XCBuildConfiguration;
			buildSettings = {
				CODE_SIGN_STYLE = Automatic;
				CURRENT_PROJECT_VERSION = 1;
				GENERATE_INFOPLIST_FILE = YES;
				MARKETING_VERSION = 1.0;
				PRODUCT_BUNDLE_IDENTIFIER = jp.annko.testCoreUITests;
				PRODUCT_NAME = "$(TARGET_NAME)";
				SWIFT_EMIT_LOC_STRINGS = NO;
				SWIFT_VERSION = 5.0;
				TARGETED_DEVICE_FAMILY = "1,2";
				TEST_TARGET_NAME = testCore;
			};
			name = Debug;
		};
		E13521332CEB638400CB2CEE /* Release */ = {
			isa = XCBuildConfiguration;
			buildSettings = {
				CODE_SIGN_STYLE = Automatic;
				CURRENT_PROJECT_VERSION = 1;
				GENERATE_INFOPLIST_FILE = YES;
				MARKETING_VERSION = 1.0;
				PRODUCT_BUNDLE_IDENTIFIER = jp.annko.testCoreUITests;
				PRODUCT_NAME = "$(TARGET_NAME)";
				SWIFT_EMIT_LOC_STRINGS = NO;
				SWIFT_VERSION = 5.0;
				TARGETED_DEVICE_FAMILY = "1,2";
				TEST_TARGET_NAME = testCore;
			};
			name = Release;
		};
/* End XCBuildConfiguration section */

/* Begin XCConfigurationList section */
		E13521022CEB638300CB2CEE /* Build configuration list for PBXProject "testCore" */ = {
			isa = XCConfigurationList;
			buildConfigurations = (
				E13521292CEB638400CB2CEE /* Debug */,
				E135212A2CEB638400CB2CEE /* Release */,
			);
			defaultConfigurationIsVisible = 0;
			defaultConfigurationName = Release;
		};
		E135212B2CEB638400CB2CEE /* Build configuration list for PBXNativeTarget "testCore" */ = {
			isa = XCConfigurationList;
			buildConfigurations = (
				E135212C2CEB638400CB2CEE /* Debug */,
				E135212D2CEB638400CB2CEE /* Release */,
			);
			defaultConfigurationIsVisible = 0;
			defaultConfigurationName = Release;
		};
		E135212E2CEB638400CB2CEE /* Build configuration list for PBXNativeTarget "testCoreTests" */ = {
			isa = XCConfigurationList;
			buildConfigurations = (
				E135212F2CEB638400CB2CEE /* Debug */,
				E13521302CEB638400CB2CEE /* Release */,
			);
			defaultConfigurationIsVisible = 0;
			defaultConfigurationName = Release;
		};
		E13521312CEB638400CB2CEE /* Build configuration list for PBXNativeTarget "testCoreUITests" */ = {
			isa = XCConfigurationList;
			buildConfigurations = (
				E13521322CEB638400CB2CEE /* Debug */,
				E13521332CEB638400CB2CEE /* Release */,
			);
			defaultConfigurationIsVisible = 0;
			defaultConfigurationName = Release;
		};
/* End XCConfigurationList section */

/* Begin XCLocalSwiftPackageReference section */
		E1C33C132CF2B04A003374A8 /* XCLocalSwiftPackageReference "RocketReserverAPI" */ = {
			isa = XCLocalSwiftPackageReference;
			relativePath = RocketReserverAPI;
		};
/* End XCLocalSwiftPackageReference section */

/* Begin XCRemoteSwiftPackageReference section */
		E17880D42CF2129B003766A8 /* XCRemoteSwiftPackageReference "keychain-swift" */ = {
			isa = XCRemoteSwiftPackageReference;
			repositoryURL = "https://github.com/evgenyneu/keychain-swift";
			requirement = {
				kind = upToNextMajorVersion;
				minimumVersion = 24.0.0;
			};
		};
		E17880E12CF22125003766A8 /* XCRemoteSwiftPackageReference "apollo-ios" */ = {
			isa = XCRemoteSwiftPackageReference;
			repositoryURL = "https://github.com/apollographql/apollo-ios";
			requirement = {
				kind = upToNextMinorVersion;
				minimumVersion = 1.15.3;
			};
		};
/* End XCRemoteSwiftPackageReference section */

/* Begin XCSwiftPackageProductDependency section */
		E17880D52CF2129B003766A8 /* KeychainSwift */ = {
			isa = XCSwiftPackageProductDependency;
			package = E17880D42CF2129B003766A8 /* XCRemoteSwiftPackageReference "keychain-swift" */;
			productName = KeychainSwift;
		};
		E17880E22CF22125003766A8 /* Apollo */ = {
			isa = XCSwiftPackageProductDependency;
			package = E17880E12CF22125003766A8 /* XCRemoteSwiftPackageReference "apollo-ios" */;
			productName = Apollo;
		};
		E17880E42CF22125003766A8 /* ApolloTestSupport */ = {
			isa = XCSwiftPackageProductDependency;
			package = E17880E12CF22125003766A8 /* XCRemoteSwiftPackageReference "apollo-ios" */;
			productName = ApolloTestSupport;
		};
		E17880F32CF227A5003766A8 /* RocketReserverAPI */ = {
			isa = XCSwiftPackageProductDependency;
			productName = RocketReserverAPI;
		};
		E17880F82CF2284B003766A8 /* RocketReserverAPI */ = {
			isa = XCSwiftPackageProductDependency;
			productName = RocketReserverAPI;
		};
		E17881002CF22E01003766A8 /* ApolloWebSocket */ = {
			isa = XCSwiftPackageProductDependency;
			package = E17880E12CF22125003766A8 /* XCRemoteSwiftPackageReference "apollo-ios" */;
			productName = ApolloWebSocket;
		};
		E17881242CF25AD9003766A8 /* RocketReserverAPI */ = {
			isa = XCSwiftPackageProductDependency;
			productName = RocketReserverAPI;
		};
		E17881272CF25B31003766A8 /* RocketReserverAPI */ = {
			isa = XCSwiftPackageProductDependency;
			productName = RocketReserverAPI;
		};
		E17881302CF26661003766A8 /* RocketReserverAPI */ = {
			isa = XCSwiftPackageProductDependency;
			productName = RocketReserverAPI;
		};
		E1C33C112CF2AB67003374A8 /* RocketReserverAPI */ = {
			isa = XCSwiftPackageProductDependency;
			productName = RocketReserverAPI;
		};
		E1C33C142CF2B04A003374A8 /* RocketReserverAPI */ = {
			isa = XCSwiftPackageProductDependency;
			productName = RocketReserverAPI;
		};
/* End XCSwiftPackageProductDependency section */
	};
	rootObject = E13520FF2CEB638300CB2CEE /* Project object */;
}
